
Microsoft Visual Studio Solution File, Format Version 12.00
# Visual Studio Version 17
VisualStudioVersion = 17.5.33424.131
MinimumVisualStudioVersion = 10.0.40219.1
Project("{FAE04EC0-301F-11D3-BF4B-00C04F79EFBC}") = "MyOwnPlog.Web", "MyOwnPlog.Web\MyOwnPlog.Web.csproj", "{BCCC4A4A-7095-4723-AD21-A86DAA6C0597}"
EndProject
Global
	GlobalSection(SolutionConfigurationPlatforms) = preSolution
		Debug|Any CPU = Debug|Any CPU
		Release|Any CPU = Release|Any CPU
	EndGlobalSection
	GlobalSection(ProjectConfigurationPlatforms) = postSolution
		{BCCC4A4A-7095-4723-AD21-A86DAA6C0597}.Debug|Any CPU.ActiveCfg = Debug|Any CPU
		{BCCC4A4A-7095-4723-AD21-A86DAA6C0597}.Debug|Any CPU.Build.0 = Debug|Any CPU
		{BCCC4A4A-7095-4723-AD21-A86DAA6C0597}.Release|Any CPU.ActiveCfg = Release|Any CPU
		{BCCC4A4A-7095-4723-AD21-A86DAA6C0597}.Release|Any CPU.Build.0 = Release|Any CPU
	EndGlobalSection
	GlobalSection(SolutionProperties) = preSolution
		HideSolutionNode = FALSE
	EndGlobalSection
	GlobalSection(ExtensibilityGlobals) = postSolution
		SolutionGuid = {BD2CE961-7D27-4D16-B5D4-B2939D129643}
	EndGlobalSection
EndGlobal
